<?xml version="1.0" encoding="utf-8"?>
<Project ToolsVersion="4.0" xmlns="http://schemas.microsoft.com/developer/msbuild/2003">
  <ItemGroup>
    <ClCompile Include="canvas.cpp" />
    <ClCompile Include="file_dialog.cpp" />
    <ClCompile Include="game.cpp" />
    <ClCompile Include="image_loader.cpp" />
    <ClCompile Include="kinect_controller.cpp" />
    <ClCompile Include="LText.cpp" />
    <ClCompile Include="main.cpp" />
    <ClCompile Include="music_handler.cpp" />
    <ClCompile Include="objects.cpp" />
    <ClCompile Include="timer.cpp" />
    <ClCompile Include="util.cpp" />
    <ClCompile Include="highscore.cpp" />
    <ClCompile Include="cubeConstants.cpp" />
  </ItemGroup>
  <ItemGroup>
    <ClInclude Include="canvas.h" />
    <ClInclude Include="constants.h" />
    <ClInclude Include="cubeConstants.h" />
    <ClInclude Include="file_dialog.h" />
    <ClInclude Include="game.h" />
    <ClInclude Include="image_loader.h" />
    <ClInclude Include="kinect_controller.h" />
    <ClInclude Include="LOpenGL.h" />
    <ClInclude Include="LText.h" />
    <ClInclude Include="music_handler.h" />
    <ClInclude Include="objects.h" />
    <ClInclude Include="timer.h" />
    <ClInclude Include="util.h" />
    <ClInclude Include="highscore.h" />
  </ItemGroup>
  <ItemGroup>
    <None Include="..\res\fonts\EunjinNakseo.ttf" />
  </ItemGroup>
</Project>